
Microsoft Visual Studio Solution File, Format Version 12.00
# Visual Studio Version 16
VisualStudioVersion = 16.0.30611.23
MinimumVisualStudioVersion = 10.0.40219.1
Project("{8BC9CEB8-8B4A-11D0-8D11-00A0C91BC942}") = "starTriangle", "starTriangle\starTriangle.vcxproj", "{98781D82-240A-474F-BEC7-A8A12CA64DEE}"
EndProject
Global
	GlobalSection(SolutionConfigurationPlatforms) = preSolution
		Debug|x64 = Debug|x64
		Debug|x86 = Debug|x86
		Release|x64 = Release|x64
		Release|x86 = Release|x86
	EndGlobalSection
	GlobalSection(ProjectConfigurationPlatforms) = postSolution
		{98781D82-240A-474F-BEC7-A8A12CA64DEE}.Debug|x64.ActiveCfg = Debug|x64
		{98781D82-240A-474F-BEC7-A8A12CA64DEE}.Debug|x64.Build.0 = Debug|x64
		{98781D82-240A-474F-BEC7-A8A12CA64DEE}.Debug|x86.ActiveCfg = Debug|Win32
		{98781D82-240A-474F-BEC7-A8A12CA64DEE}.Debug|x86.Build.0 = Debug|Win32
		{98781D82-240A-474F-BEC7-A8A12CA64DEE}.Release|x64.ActiveCfg = Release|x64
		{98781D82-240A-474F-BEC7-A8A12CA64DEE}.Release|x64.Build.0 = Release|x64
		{98781D82-240A-474F-BEC7-A8A12CA64DEE}.Release|x86.ActiveCfg = Release|Win32
		{98781D82-240A-474F-BEC7-A8A12CA64DEE}.Release|x86.Build.0 = Release|Win32
	EndGlobalSection
	GlobalSection(SolutionProperties) = preSolution
		HideSolutionNode = FALSE
	EndGlobalSection
	GlobalSection(ExtensibilityGlobals) = postSolution
		SolutionGuid = {3C9561AC-FA60-4BE9-8EF0-F90A07B9E426}
	EndGlobalSection
EndGlobal
